
Microsoft Visual Studio Solution File, Format Version 12.00
# Visual Studio Version 16
VisualStudioVersion = 16.0.29209.62
MinimumVisualStudioVersion = 10.0.40219.1
Project("{FAE04EC0-301F-11D3-BF4B-00C04F79EFBC}") = "Samples.Android", "Samples\Samples.Android\Samples.Android.csproj", "{B35B1C0F-08C4-44D1-909C-CC838B81FFBD}"
EndProject
Project("{FAE04EC0-301F-11D3-BF4B-00C04F79EFBC}") = "Samples.iOS", "Samples\Samples.iOS\Samples.iOS.csproj", "{CD463508-E387-4333-B864-7553E356A5F2}"
EndProject
Project("{9A19103F-16F7-4668-BE54-9A1E7A4F7556}") = "Samples", "Samples\Samples\Samples.csproj", "{7AE91F0C-AA53-4D4F-A30D-8A29489C2088}"
EndProject
Project("{9A19103F-16F7-4668-BE54-9A1E7A4F7556}") = "Samples.Core", "Samples.Core\Samples.Core.csproj", "{16A742CA-07AB-4925-8289-80CC720C9656}"
EndProject
Global
	GlobalSection(SolutionConfigurationPlatforms) = preSolution
		Debug|Any CPU = Debug|Any CPU
		Debug|iPhone = Debug|iPhone
		Debug|iPhoneSimulator = Debug|iPhoneSimulator
		Release|Any CPU = Release|Any CPU
		Release|iPhone = Release|iPhone
		Release|iPhoneSimulator = Release|iPhoneSimulator
	EndGlobalSection
	GlobalSection(ProjectConfigurationPlatforms) = postSolution
		{B35B1C0F-08C4-44D1-909C-CC838B81FFBD}.Debug|Any CPU.ActiveCfg = Debug|Any CPU
		{B35B1C0F-08C4-44D1-909C-CC838B81FFBD}.Debug|Any CPU.Build.0 = Debug|Any CPU
		{B35B1C0F-08C4-44D1-909C-CC838B81FFBD}.Debug|Any CPU.Deploy.0 = Debug|Any CPU
		{B35B1C0F-08C4-44D1-909C-CC838B81FFBD}.Debug|iPhone.ActiveCfg = Debug|Any CPU
		{B35B1C0F-08C4-44D1-909C-CC838B81FFBD}.Debug|iPhone.Build.0 = Debug|Any CPU
		{B35B1C0F-08C4-44D1-909C-CC838B81FFBD}.Debug|iPhone.Deploy.0 = Debug|Any CPU
		{B35B1C0F-08C4-44D1-909C-CC838B81FFBD}.Debug|iPhoneSimulator.ActiveCfg = Debug|Any CPU
		{B35B1C0F-08C4-44D1-909C-CC838B81FFBD}.Debug|iPhoneSimulator.Build.0 = Debug|Any CPU
		{B35B1C0F-08C4-44D1-909C-CC838B81FFBD}.Debug|iPhoneSimulator.Deploy.0 = Debug|Any CPU
		{B35B1C0F-08C4-44D1-909C-CC838B81FFBD}.Release|Any CPU.ActiveCfg = Release|Any CPU
		{B35B1C0F-08C4-44D1-909C-CC838B81FFBD}.Release|Any CPU.Build.0 = Release|Any CPU
		{B35B1C0F-08C4-44D1-909C-CC838B81FFBD}.Release|Any CPU.Deploy.0 = Release|Any CPU
		{B35B1C0F-08C4-44D1-909C-CC838B81FFBD}.Release|iPhone.ActiveCfg = Release|Any CPU
		{B35B1C0F-08C4-44D1-909C-CC838B81FFBD}.Release|iPhone.Build.0 = Release|Any CPU
		{B35B1C0F-08C4-44D1-909C-CC838B81FFBD}.Release|iPhone.Deploy.0 = Release|Any CPU
		{B35B1C0F-08C4-44D1-909C-CC838B81FFBD}.Release|iPhoneSimulator.ActiveCfg = Release|Any CPU
		{B35B1C0F-08C4-44D1-909C-CC838B81FFBD}.Release|iPhoneSimulator.Build.0 = Release|Any CPU
		{B35B1C0F-08C4-44D1-909C-CC838B81FFBD}.Release|iPhoneSimulator.Deploy.0 = Release|Any CPU
		{CD463508-E387-4333-B864-7553E356A5F2}.Debug|Any CPU.ActiveCfg = Debug|iPhoneSimulator
		{CD463508-E387-4333-B864-7553E356A5F2}.Debug|Any CPU.Build.0 = Debug|iPhoneSimulator
		{CD463508-E387-4333-B864-7553E356A5F2}.Debug|Any CPU.Deploy.0 = Debug|iPhoneSimulator
		{CD463508-E387-4333-B864-7553E356A5F2}.Debug|iPhone.ActiveCfg = Debug|iPhone
		{CD463508-E387-4333-B864-7553E356A5F2}.Debug|iPhone.Build.0 = Debug|iPhone
		{CD463508-E387-4333-B864-7553E356A5F2}.Debug|iPhone.Deploy.0 = Debug|iPhone
		{CD463508-E387-4333-B864-7553E356A5F2}.Debug|iPhoneSimulator.ActiveCfg = Debug|iPhoneSimulator
		{CD463508-E387-4333-B864-7553E356A5F2}.Debug|iPhoneSimulator.Build.0 = Debug|iPhoneSimulator
		{CD463508-E387-4333-B864-7553E356A5F2}.Debug|iPhoneSimulator.Deploy.0 = Debug|iPhoneSimulator
		{CD463508-E387-4333-B864-7553E356A5F2}.Release|Any CPU.ActiveCfg = Release|iPhone
		{CD463508-E387-4333-B864-7553E356A5F2}.Release|Any CPU.Build.0 = Release|iPhone
		{CD463508-E387-4333-B864-7553E356A5F2}.Release|Any CPU.Deploy.0 = Release|iPhone
		{CD463508-E387-4333-B864-7553E356A5F2}.Release|iPhone.ActiveCfg = Release|iPhone
		{CD463508-E387-4333-B864-7553E356A5F2}.Release|iPhone.Build.0 = Release|iPhone
		{CD463508-E387-4333-B864-7553E356A5F2}.Release|iPhone.Deploy.0 = Release|iPhone
		{CD463508-E387-4333-B864-7553E356A5F2}.Release|iPhoneSimulator.ActiveCfg = Release|iPhoneSimulator
		{CD463508-E387-4333-B864-7553E356A5F2}.Release|iPhoneSimulator.Build.0 = Release|iPhoneSimulator
		{CD463508-E387-4333-B864-7553E356A5F2}.Release|iPhoneSimulator.Deploy.0 = Release|iPhoneSimulator
		{7AE91F0C-AA53-4D4F-A30D-8A29489C2088}.Debug|Any CPU.ActiveCfg = Debug|Any CPU
		{7AE91F0C-AA53-4D4F-A30D-8A29489C2088}.Debug|Any CPU.Build.0 = Debug|Any CPU
		{7AE91F0C-AA53-4D4F-A30D-8A29489C2088}.Debug|Any CPU.Deploy.0 = Debug|Any CPU
		{7AE91F0C-AA53-4D4F-A30D-8A29489C2088}.Debug|iPhone.ActiveCfg = Debug|Any CPU
		{7AE91F0C-AA53-4D4F-A30D-8A29489C2088}.Debug|iPhone.Build.0 = Debug|Any CPU
		{7AE91F0C-AA53-4D4F-A30D-8A29489C2088}.Debug|iPhone.Deploy.0 = Debug|Any CPU
		{7AE91F0C-AA53-4D4F-A30D-8A29489C2088}.Debug|iPhoneSimulator.ActiveCfg = Debug|Any CPU
		{7AE91F0C-AA53-4D4F-A30D-8A29489C2088}.Debug|iPhoneSimulator.Build.0 = Debug|Any CPU
		{7AE91F0C-AA53-4D4F-A30D-8A29489C2088}.Debug|iPhoneSimulator.Deploy.0 = Debug|Any CPU
		{7AE91F0C-AA53-4D4F-A30D-8A29489C2088}.Release|Any CPU.ActiveCfg = Release|Any CPU
		{7AE91F0C-AA53-4D4F-A30D-8A29489C2088}.Release|Any CPU.Build.0 = Release|Any CPU
		{7AE91F0C-AA53-4D4F-A30D-8A29489C2088}.Release|Any CPU.Deploy.0 = Release|Any CPU
		{7AE91F0C-AA53-4D4F-A30D-8A29489C2088}.Release|iPhone.ActiveCfg = Release|Any CPU
		{7AE91F0C-AA53-4D4F-A30D-8A29489C2088}.Release|iPhone.Build.0 = Release|Any CPU
		{7AE91F0C-AA53-4D4F-A30D-8A29489C2088}.Release|iPhone.Deploy.0 = Release|Any CPU
		{7AE91F0C-AA53-4D4F-A30D-8A29489C2088}.Release|iPhoneSimulator.ActiveCfg = Release|Any CPU
		{7AE91F0C-AA53-4D4F-A30D-8A29489C2088}.Release|iPhoneSimulator.Build.0 = Release|Any CPU
		{7AE91F0C-AA53-4D4F-A30D-8A29489C2088}.Release|iPhoneSimulator.Deploy.0 = Release|Any CPU
		{16A742CA-07AB-4925-8289-80CC720C9656}.Debug|Any CPU.ActiveCfg = Debug|Any CPU
		{16A742CA-07AB-4925-8289-80CC720C9656}.Debug|Any CPU.Build.0 = Debug|Any CPU
		{16A742CA-07AB-4925-8289-80CC720C9656}.Debug|iPhone.ActiveCfg = Debug|Any CPU
		{16A742CA-07AB-4925-8289-80CC720C9656}.Debug|iPhone.Build.0 = Debug|Any CPU
		{16A742CA-07AB-4925-8289-80CC720C9656}.Debug|iPhoneSimulator.ActiveCfg = Debug|Any CPU
		{16A742CA-07AB-4925-8289-80CC720C9656}.Debug|iPhoneSimulator.Build.0 = Debug|Any CPU
		{16A742CA-07AB-4925-8289-80CC720C9656}.Release|Any CPU.ActiveCfg = Release|Any CPU
		{16A742CA-07AB-4925-8289-80CC720C9656}.Release|Any CPU.Build.0 = Release|Any CPU
		{16A742CA-07AB-4925-8289-80CC720C9656}.Release|iPhone.ActiveCfg = Release|Any CPU
		{16A742CA-07AB-4925-8289-80CC720C9656}.Release|iPhone.Build.0 = Release|Any CPU
		{16A742CA-07AB-4925-8289-80CC720C9656}.Release|iPhoneSimulator.ActiveCfg = Release|Any CPU
		{16A742CA-07AB-4925-8289-80CC720C9656}.Release|iPhoneSimulator.Build.0 = Release|Any CPU
	EndGlobalSection
	GlobalSection(SolutionProperties) = preSolution
		HideSolutionNode = FALSE
	EndGlobalSection
	GlobalSection(ExtensibilityGlobals) = postSolution
		SolutionGuid = {2A7382C1-3A7D-4F5D-9B3D-8EFC1788947D}
	EndGlobalSection
EndGlobal
